# This is a Gradle generated file for dependency locking.
# Manual edits can break the build and are not advised.
# This file is expected to be part of source control.
architectury-plugin:architectury-plugin.gradle.plugin:3.4.146=classpath
com.electronwill.night-config:core:3.6.6=classpath
com.electronwill.night-config:toml:3.6.6=classpath
com.fasterxml.jackson.core:jackson-annotations:2.14.2=classpath
com.fasterxml.jackson.core:jackson-core:2.14.2=classpath
com.fasterxml.jackson.core:jackson-databind:2.14.2=classpath
com.fasterxml.jackson:jackson-bom:2.14.2=classpath
com.google.code.findbugs:jsr305:3.0.2=classpath
com.google.code.gson:gson:2.10.1=classpath
com.google.errorprone:error_prone_annotations:2.11.0=classpath
com.google.guava:failureaccess:1.0.1=classpath
com.google.guava:guava:31.1-jre=classpath
com.google.guava:listenablefuture:9999.0-empty-to-avoid-conflict-with-guava=classpath
com.google.j2objc:j2objc-annotations:1.3=classpath
com.matthewprenger.cursegradle:com.matthewprenger.cursegradle.gradle.plugin:1.4.0=classpath
com.modrinth.minotaur:Minotaur:2.4.3=classpath
com.modrinth.minotaur:com.modrinth.minotaur.gradle.plugin:2.4.3=classpath
com.opencsv:opencsv:5.4=classpath
commons-beanutils:commons-beanutils:1.9.4=classpath
commons-codec:commons-codec:1.11=classpath
commons-collections:commons-collections:3.2.2=classpath
commons-io:commons-io:2.11.0=classpath
commons-logging:commons-logging:1.2=classpath
de.oceanlabs.mcp:mcinjector:3.8.0=classpath
de.siegmar:fastcsv:2.0.0=classpath
dev.architectury.loom:dev.architectury.loom.gradle.plugin:1.3.355=classpath
dev.architectury:architectury-loom:1.3.355=classpath
dev.architectury:architectury-transformer:5.2.75=classpath
dev.architectury:mercury:0.1.2.15=classpath
dev.architectury:refmap-remapper:1.0.5=classpath
dev.architectury:tiny-remapper:1.9.21=classpath
gradle.plugin.com.matthewprenger:CurseGradle:1.4.0=classpath
gradle.plugin.org.jetbrains.gradle.plugin.idea-ext:gradle-idea-ext:0.10=classpath
io.github.juuxel.loom-vineflower:io.github.juuxel.loom-vineflower.gradle.plugin:1.11.0=classpath
io.github.juuxel:loom-vineflower:1.11.0=classpath
it.unimi.dsi:fastutil:8.3.1=classpath
me.tongfei:progressbar:0.9.0=classpath
net.fabricmc:access-widener:2.1.0=classpath
net.fabricmc:cfr:0.2.1=classpath
net.fabricmc:fabric-fernflower:2.0.0=classpath
net.fabricmc:lorenz-tiny:4.0.2=classpath
net.fabricmc:mapping-io:0.2.1=classpath
net.fabricmc:stitch:0.6.2=classpath
net.fabricmc:tiny-mappings-parser:0.3.0+build.17=classpath
net.md-5:SpecialSource:1.8.5=classpath
net.minecraftforge:DiffPatch:2.0.7=classpath
net.minecraftforge:installertools:1.2.0=classpath
net.minecraftforge:srgutils:0.4.1=classpath
net.sf.jopt-simple:jopt-simple:5.0.4=classpath
net.sf.opencsv:opencsv:2.3=classpath
net.sf.trove4j:trove4j:3.0.3=classpath
org.apache.commons:commons-collections4:4.4=classpath
org.apache.commons:commons-compress:1.18=classpath
org.apache.commons:commons-lang3:3.11=classpath
org.apache.commons:commons-text:1.9=classpath
org.apache.httpcomponents:httpclient:4.5.13=classpath
org.apache.httpcomponents:httpcore:4.4.13=classpath
org.apache.httpcomponents:httpmime:4.5.13=classpath
org.cadixdev:at:0.1.0-rc1=classpath
org.cadixdev:bombe-asm:0.3.2=classpath
org.cadixdev:bombe:0.3.4=classpath
org.cadixdev:lorenz-asm:0.5.3=classpath
org.cadixdev:lorenz:0.5.7=classpath
org.checkerframework:checker-qual:3.12.0=classpath
org.jetbrains.intellij.deps:trove4j:1.0.20200330=classpath
org.jetbrains.kotlin.jvm:org.jetbrains.kotlin.jvm.gradle.plugin:2.0.0=classpath
org.jetbrains.kotlin:kotlin-build-statistics:2.0.0=classpath
org.jetbrains.kotlin:kotlin-build-tools-api:2.0.0=classpath
org.jetbrains.kotlin:kotlin-compiler-embeddable:2.0.0=classpath
org.jetbrains.kotlin:kotlin-compiler-runner:2.0.0=classpath
org.jetbrains.kotlin:kotlin-daemon-client:2.0.0=classpath
org.jetbrains.kotlin:kotlin-daemon-embeddable:2.0.0=classpath
org.jetbrains.kotlin:kotlin-gradle-plugin-annotations:2.0.0=classpath
org.jetbrains.kotlin:kotlin-gradle-plugin-api:2.0.0=classpath
org.jetbrains.kotlin:kotlin-gradle-plugin-idea-proto:2.0.0=classpath
org.jetbrains.kotlin:kotlin-gradle-plugin-idea:2.0.0=classpath
org.jetbrains.kotlin:kotlin-gradle-plugin-model:2.0.0=classpath
org.jetbrains.kotlin:kotlin-gradle-plugin:2.0.0=classpath
org.jetbrains.kotlin:kotlin-gradle-plugins-bom:2.0.0=classpath
org.jetbrains.kotlin:kotlin-klib-commonizer-api:2.0.0=classpath
org.jetbrains.kotlin:kotlin-native-utils:2.0.0=classpath
org.jetbrains.kotlin:kotlin-reflect:1.3.72=classpath
org.jetbrains.kotlin:kotlin-stdlib-common:1.3.72=classpath
org.jetbrains.kotlin:kotlin-stdlib-jdk7:1.3.72=classpath
org.jetbrains.kotlin:kotlin-stdlib-jdk8:1.3.72=classpath
org.jetbrains.kotlin:kotlin-stdlib:1.3.72=classpath
org.jetbrains.kotlin:kotlin-tooling-core:2.0.0=classpath
org.jetbrains.kotlin:kotlin-util-io:2.0.0=classpath
org.jetbrains.kotlin:kotlin-util-klib:2.0.0=classpath
org.jetbrains.kotlinx:kotlinx-coroutines-core-jvm:1.5.0=classpath
org.jetbrains.kotlinx:kotlinx-metadata-jvm:0.6.2=classpath
org.jetbrains:annotations:20.1.0=classpath
org.jline:jline:3.16.0=classpath
org.ow2.asm:asm-analysis:9.5=classpath
org.ow2.asm:asm-commons:9.5=classpath
org.ow2.asm:asm-tree:9.5=classpath
org.ow2.asm:asm-util:9.5=classpath
org.ow2.asm:asm:9.5=classpath
org.tukaani:xz:1.8=classpath
empty=
